
Microsoft Visual Studio Solution File, Format Version 12.00
# Visual Studio Version 17
VisualStudioVersion = 17.14.36401.2 d17.14
MinimumVisualStudioVersion = 10.0.40219.1
Project("{FAE04EC0-301F-11D3-BF4B-00C04F79EFBC}") = "CMS", "CMS\CMS.csproj", "{7386BE33-1CC1-4B6C-B573-9F8AFC30516C}"
EndProject
Global
	GlobalSection(SolutionConfigurationPlatforms) = preSolution
		Debug|Any CPU = Debug|Any CPU
		Release|Any CPU = Release|Any CPU
	EndGlobalSection
	GlobalSection(ProjectConfigurationPlatforms) = postSolution
		{7386BE33-1CC1-4B6C-B573-9F8AFC30516C}.Debug|Any CPU.ActiveCfg = Debug|Any CPU
		{7386BE33-1CC1-4B6C-B573-9F8AFC30516C}.Debug|Any CPU.Build.0 = Debug|Any CPU
		{7386BE33-1CC1-4B6C-B573-9F8AFC30516C}.Release|Any CPU.ActiveCfg = Release|Any CPU
		{7386BE33-1CC1-4B6C-B573-9F8AFC30516C}.Release|Any CPU.Build.0 = Release|Any CPU
	EndGlobalSection
	GlobalSection(SolutionProperties) = preSolution
		HideSolutionNode = FALSE
	EndGlobalSection
	GlobalSection(ExtensibilityGlobals) = postSolution
		SolutionGuid = {6CDB313F-D23B-464A-B9E5-3B43AEE15881}
	EndGlobalSection
EndGlobal
